{
    "name": "@iac-factory/api-authentication-utilities",
    "version": "0.9.18",
    "lockfileVersion": 2,
    "requires": true,
    "packages": {
        "": {
            "name": "@iac-factory/api-authentication-utilities",
            "version": "0.9.18",
            "license": "BSD-3-Clause",
            "dependencies": {
                "ansi-colors": "^4.1.3"
            },
            "devDependencies": {
                "@types/node": "^18.11.3"
            }
        },
        "node_modules/@types/node": {
            "version": "18.11.3",
            "resolved": "https://registry.npmjs.org/@types/node/-/node-18.11.3.tgz",
            "integrity": "sha512-fNjDQzzOsZeKZu5NATgXUPsaFaTxeRgFXoosrHivTl8RGeV733OLawXsGfEk9a8/tySyZUyiZ6E8LcjPFZ2y1A==",
            "dev": true
        },
        "node_modules/ansi-colors": {
            "version": "4.1.3",
            "resolved": "https://registry.npmjs.org/ansi-colors/-/ansi-colors-4.1.3.tgz",
            "integrity": "sha512-/6w/C21Pm1A7aZitlI5Ni/2J6FFQN8i1Cvz3kHABAAbw93v/NlvKdVOqz7CCWz/3iv/JplRSEEZ83XION15ovw==",
            "engines": {
                "node": ">=6"
            }
        }
    },
    "dependencies": {
        "@types/node": {
            "version": "18.11.3",
            "resolved": "https://registry.npmjs.org/@types/node/-/node-18.11.3.tgz",
            "integrity": "sha512-fNjDQzzOsZeKZu5NATgXUPsaFaTxeRgFXoosrHivTl8RGeV733OLawXsGfEk9a8/tySyZUyiZ6E8LcjPFZ2y1A==",
            "dev": true
        },
        "ansi-colors": {
            "version": "4.1.3",
            "resolved": "https://registry.npmjs.org/ansi-colors/-/ansi-colors-4.1.3.tgz",
            "integrity": "sha512-/6w/C21Pm1A7aZitlI5Ni/2J6FFQN8i1Cvz3kHABAAbw93v/NlvKdVOqz7CCWz/3iv/JplRSEEZ83XION15ovw=="
        }
    }
}
