{
    "name": "@iac-factory/api-authentication-core",
    "version": "0.0.2",
    "lockfileVersion": 2,
    "requires": true,
    "packages": {
        "": {
            "name": "@iac-factory/api-authentication-core",
            "version": "0.0.2",
            "license": "BSD-3-Clause",
            "dependencies": {
                "@iac-factory/api-authentication-middleware": "file:../middleware",
                "@iac-factory/api-authentication-routing": "file:../routing",
                "@iac-factory/api-authentication-tls": "file:../tls",
                "@iac-factory/api-authentication-utilities": "file:../utilities"
            }
        },
        "../middleware": {
            "name": "@iac-factory/api-authentication-middleware",
            "version": "0.6.11",
            "license": "BSD-3-Clause",
            "dependencies": {
                "body-parser": "^2.0.0-beta.1",
                "express": "^5.0.0-beta.1"
            },
            "devDependencies": {
                "@types/body-parser": "^1.19.2",
                "@types/compression": "^1.7.2",
                "@types/express": "^4.17.14",
                "@types/express-serve-static-core": "^4.17.31",
                "@types/node": "^18.11.3"
            }
        },
        "../routing": {
            "name": "@iac-factory/api-authentication-routing",
            "version": "0.7.20",
            "license": "BSD-3-Clause",
            "dependencies": {
                "@iac-factory/api-autentication-database": "file:../database",
                "@iac-factory/api-autentication-schema": "file:../schema",
                "@iac-factory/api-autentication-services": "file:../service"
            },
            "devDependencies": {
                "@iac-factory/eslint-settings": "1.7.36"
            }
        },
        "../tls": {
            "name": "@iac-factory/api-authentication-tls",
            "version": "0.4.18",
            "license": "BSD-3-Clause",
            "dependencies": {
                "@iac-factory/api-authentication-utilities": "file:../utilities"
            }
        },
        "../utilities": {
            "name": "@iac-factory/api-authentication-utilities",
            "version": "0.9.17",
            "license": "BSD-3-Clause",
            "dependencies": {
                "ansi-colors": "^4.1.3"
            },
            "devDependencies": {
                "@types/node": "^18.11.3"
            }
        },
        "node_modules/@iac-factory/api-authentication-middleware": {
            "resolved": "../middleware",
            "link": true
        },
        "node_modules/@iac-factory/api-authentication-routing": {
            "resolved": "../routing",
            "link": true
        },
        "node_modules/@iac-factory/api-authentication-tls": {
            "resolved": "../tls",
            "link": true
        },
        "node_modules/@iac-factory/api-authentication-utilities": {
            "resolved": "../utilities",
            "link": true
        }
    },
    "dependencies": {
        "@iac-factory/api-authentication-middleware": {
            "version": "file:../middleware",
            "requires": {
                "@types/body-parser": "^1.19.2",
                "@types/compression": "^1.7.2",
                "@types/express": "^4.17.14",
                "@types/express-serve-static-core": "^4.17.31",
                "@types/node": "^18.11.3",
                "body-parser": "^2.0.0-beta.1",
                "express": "^5.0.0-beta.1"
            }
        },
        "@iac-factory/api-authentication-routing": {
            "version": "file:../routing",
            "requires": {
                "@iac-factory/api-autentication-database": "file:../database",
                "@iac-factory/api-autentication-schema": "file:../schema",
                "@iac-factory/api-autentication-services": "file:../service",
                "@iac-factory/eslint-settings": "1.7.36"
            }
        },
        "@iac-factory/api-authentication-tls": {
            "version": "file:../tls",
            "requires": {
                "@iac-factory/api-authentication-utilities": "file:../utilities"
            }
        },
        "@iac-factory/api-authentication-utilities": {
            "version": "file:../utilities",
            "requires": {
                "@types/node": "^18.11.3",
                "ansi-colors": "^4.1.3"
            }
        }
    }
}
